
Microsoft Visual Studio Solution File, Format Version 12.00
# Visual Studio Version 16
VisualStudioVersion = 16.0.29911.84
MinimumVisualStudioVersion = 10.0.40219.1
Project("{FAE04EC0-301F-11D3-BF4B-00C04F79EFBC}") = "csharp1", "csharp1\csharp1.csproj", "{AB878603-6D3E-48F6-B3FA-D7BA8AF7DD14}"
EndProject
Global
	GlobalSection(SolutionConfigurationPlatforms) = preSolution
		Debug|Any CPU = Debug|Any CPU
		Release|Any CPU = Release|Any CPU
	EndGlobalSection
	GlobalSection(ProjectConfigurationPlatforms) = postSolution
		{AB878603-6D3E-48F6-B3FA-D7BA8AF7DD14}.Debug|Any CPU.ActiveCfg = Debug|Any CPU
		{AB878603-6D3E-48F6-B3FA-D7BA8AF7DD14}.Debug|Any CPU.Build.0 = Debug|Any CPU
		{AB878603-6D3E-48F6-B3FA-D7BA8AF7DD14}.Release|Any CPU.ActiveCfg = Release|Any CPU
		{AB878603-6D3E-48F6-B3FA-D7BA8AF7DD14}.Release|Any CPU.Build.0 = Release|Any CPU
	EndGlobalSection
	GlobalSection(SolutionProperties) = preSolution
		HideSolutionNode = FALSE
	EndGlobalSection
	GlobalSection(ExtensibilityGlobals) = postSolution
		SolutionGuid = {8ADE8621-7F5C-4E00-8EE2-3ED183D31B50}
	EndGlobalSection
EndGlobal
